// !$*UTF8*$!
{
	archiveVersion = 1;
	classes = {
	};
	objectVersion = 77;
	objects = {

/* Begin PBXContainerItemProxy section */
		07831BA82DA456C600EBAA5C /* PBXContainerItemProxy */ = {
			isa = PBXContainerItemProxy;
			containerPortal = 07831B8F2DA456C300EBAA5C /* Project object */;
			proxyType = 1;
			remoteGlobalIDString = 07831B962DA456C300EBAA5C;
			remoteInfo = Recipe_App;
		};
		07831BB22DA456C600EBAA5C /* PBXContainerItemProxy */ = {
			isa = PBXContainerItemProxy;
			containerPortal = 07831B8F2DA456C300EBAA5C /* Project object */;
			proxyType = 1;
			remoteGlobalIDString = 07831B962DA456C300EBAA5C;
			remoteInfo = Recipe_App;
		};
/* End PBXContainerItemProxy section */

/* Begin PBXFileReference section */
		07831B972DA456C300EBAA5C /* Recipe_App.app */ = {isa = PBXFileReference; explicitFileType = wrapper.application; includeInIndex = 0; path = Recipe_App.app; sourceTree = BUILT_PRODUCTS_DIR; };
		07831BA72DA456C600EBAA5C /* Recipe_AppTests.xctest */ = {isa = PBXFileReference; explicitFileType = wrapper.cfbundle; includeInIndex = 0; path = Recipe_AppTests.xctest; sourceTree = BUILT_PRODUCTS_DIR; };
		07831BB12DA456C600EBAA5C /* Recipe_AppUITests.xctest */ = {isa = PBXFileReference; explicitFileType = wrapper.cfbundle; includeInIndex = 0; path = Recipe_AppUITests.xctest; sourceTree = BUILT_PRODUCTS_DIR; };
/* End PBXFileReference section */

/* Begin PBXFileSystemSynchronizedRootGroup section */
		07831B992DA456C300EBAA5C /* Recipe_App */ = {
			isa = PBXFileSystemSynchronizedRootGroup;
			path = Recipe_App;
			sourceTree = "<group>";
		};
		07831BAA2DA456C600EBAA5C /* Recipe_AppTests */ = {
			isa = PBXFileSystemSynchronizedRootGroup;
			path = Recipe_AppTests;
			sourceTree = "<group>";
		};
		07831BB42DA456C600EBAA5C /* Recipe_AppUITests */ = {
			isa = PBXFileSystemSynchronizedRootGroup;
			path = Recipe_AppUITests;
			sourceTree = "<group>";
		};
/* End PBXFileSystemSynchronizedRootGroup section */

/* Begin PBXFrameworksBuildPhase section */
		07831B942DA456C300EBAA5C /* Frameworks */ = {
			isa = PBXFrameworksBuildPhase;
			buildActionMask = 2147483647;
			files = (
			);
			runOnlyForDeploymentPostprocessing = 0;
		};
		07831BA42DA456C600EBAA5C /* Frameworks */ = {
			isa = PBXFrameworksBuildPhase;
			buildActionMask = 2147483647;
			files = (
			);
			runOnlyForDeploymentPostprocessing = 0;
		};
		07831BAE2DA456C600EBAA5C /* Frameworks */ = {
			isa = PBXFrameworksBuildPhase;
			buildActionMask = 2147483647;
			files = (
			);
			runOnlyForDeploymentPostprocessing = 0;
		};
/* End PBXFrameworksBuildPhase section */

/* Begin PBXGroup section */
		07831B8E2DA456C300EBAA5C = {
			isa = PBXGroup;
			children = (
				07831B992DA456C300EBAA5C /* Recipe_App */,
				07831BAA2DA456C600EBAA5C /* Recipe_AppTests */,
				07831BB42DA456C600EBAA5C /* Recipe_AppUITests */,
				07831B982DA456C300EBAA5C /* Products */,
			);
			sourceTree = "<group>";
		};
		07831B982DA456C300EBAA5C /* Products */ = {
			isa = PBXGroup;
			children = (
				07831B972DA456C300EBAA5C /* Recipe_App.app */,
				07831BA72DA456C600EBAA5C /* Recipe_AppTests.xctest */,
				07831BB12DA456C600EBAA5C /* Recipe_AppUITests.xctest */,
			);
			name = Products;
			sourceTree = "<group>";
		};
/* End PBXGroup section */

/* Begin PBXNativeTarget section */
		07831B962DA456C300EBAA5C /* Recipe_App */ = {
			isa = PBXNativeTarget;
			buildConfigurationList = 07831BBB2DA456C600EBAA5C /* Build configuration list for PBXNativeTarget "Recipe_App" */;
			buildPhases = (
				07831B932DA456C300EBAA5C /* Sources */,
				07831B942DA456C300EBAA5C /* Frameworks */,
				07831B952DA456C300EBAA5C /* Resources */,
			);
			buildRules = (
			);
			dependencies = (
			);
			fileSystemSynchronizedGroups = (
				07831B992DA456C300EBAA5C /* Recipe_App */,
			);
			name = Recipe_App;
			packageProductDependencies = (
			);
			productName = Recipe_App;
			productReference = 07831B972DA456C300EBAA5C /* Recipe_App.app */;
			productType = "com.apple.product-type.application";
		};
		07831BA62DA456C600EBAA5C /* Recipe_AppTests */ = {
			isa = PBXNativeTarget;
			buildConfigurationList = 07831BBE2DA456C600EBAA5C /* Build configuration list for PBXNativeTarget "Recipe_AppTests" */;
			buildPhases = (
				07831BA32DA456C600EBAA5C /* Sources */,
				07831BA42DA456C600EBAA5C /* Frameworks */,
				07831BA52DA456C600EBAA5C /* Resources */,
			);
			buildRules = (
			);
			dependencies = (
				07831BA92DA456C600EBAA5C /* PBXTargetDependency */,
			);
			fileSystemSynchronizedGroups = (
				07831BAA2DA456C600EBAA5C /* Recipe_AppTests */,
			);
			name = Recipe_AppTests;
			packageProductDependencies = (
			);
			productName = Recipe_AppTests;
			productReference = 07831BA72DA456C600EBAA5C /* Recipe_AppTests.xctest */;
			productType = "com.apple.product-type.bundle.unit-test";
		};
		07831BB02DA456C600EBAA5C /* Recipe_AppUITests */ = {
			isa = PBXNativeTarget;
			buildConfigurationList = 07831BC12DA456C600EBAA5C /* Build configuration list for PBXNativeTarget "Recipe_AppUITests" */;
			buildPhases = (
				07831BAD2DA456C600EBAA5C /* Sources */,
				07831BAE2DA456C600EBAA5C /* Frameworks */,
				07831BAF2DA456C600EBAA5C /* Resources */,
			);
			buildRules = (
			);
			dependencies = (
				07831BB32DA456C600EBAA5C /* PBXTargetDependency */,
			);
			fileSystemSynchronizedGroups = (
				07831BB42DA456C600EBAA5C /* Recipe_AppUITests */,
			);
			name = Recipe_AppUITests;
			packageProductDependencies = (
			);
			productName = Recipe_AppUITests;
			productReference = 07831BB12DA456C600EBAA5C /* Recipe_AppUITests.xctest */;
			productType = "com.apple.product-type.bundle.ui-testing";
		};
/* End PBXNativeTarget section */

/* Begin PBXProject section */
		07831B8F2DA456C300EBAA5C /* Project object */ = {
			isa = PBXProject;
			attributes = {
				BuildIndependentTargetsInParallel = 1;
				LastSwiftUpdateCheck = 1620;
				LastUpgradeCheck = 1620;
				TargetAttributes = {
					07831B962DA456C300EBAA5C = {
						CreatedOnToolsVersion = 16.2;
					};
					07831BA62DA456C600EBAA5C = {
						CreatedOnToolsVersion = 16.2;
						TestTargetID = 07831B962DA456C300EBAA5C;
					};
					07831BB02DA456C600EBAA5C = {
						CreatedOnToolsVersion = 16.2;
						TestTargetID = 07831B962DA456C300EBAA5C;
					};
				};
			};
			buildConfigurationList = 07831B922DA456C300EBAA5C /* Build configuration list for PBXProject "Recipe_App" */;
			developmentRegion = en;
			hasScannedForEncodings = 0;
			knownRegions = (
				en,
				Base,
			);
			mainGroup = 07831B8E2DA456C300EBAA5C;
			minimizedProjectReferenceProxies = 1;
			preferredProjectObjectVersion = 77;
			productRefGroup = 07831B982DA456C300EBAA5C /* Products */;
			projectDirPath = "";
			projectRoot = "";
			targets = (
				07831B962DA456C300EBAA5C /* Recipe_App */,
				07831BA62DA456C600EBAA5C /* Recipe_AppTests */,
				07831BB02DA456C600EBAA5C /* Recipe_AppUITests */,
			);
		};
/* End PBXProject section */

/* Begin PBXResourcesBuildPhase section */
		07831B952DA456C300EBAA5C /* Resources */ = {
			isa = PBXResourcesBuildPhase;
			buildActionMask = 2147483647;
			files = (
			);
			runOnlyForDeploymentPostprocessing = 0;
		};
		07831BA52DA456C600EBAA5C /* Resources */ = {
			isa = PBXResourcesBuildPhase;
			buildActionMask = 2147483647;
			files = (
			);
			runOnlyForDeploymentPostprocessing = 0;
		};
		07831BAF2DA456C600EBAA5C /* Resources */ = {
			isa = PBXResourcesBuildPhase;
			buildActionMask = 2147483647;
			files = (
			);
			runOnlyForDeploymentPostprocessing = 0;
		};
/* End PBXResourcesBuildPhase section */

/* Begin PBXSourcesBuildPhase section */
		07831B932DA456C300EBAA5C /* Sources */ = {
			isa = PBXSourcesBuildPhase;
			buildActionMask = 2147483647;
			files = (
			);
			runOnlyForDeploymentPostprocessing = 0;
		};
		07831BA32DA456C600EBAA5C /* Sources */ = {
			isa = PBXSourcesBuildPhase;
			buildActionMask = 2147483647;
			files = (
			);
			runOnlyForDeploymentPostprocessing = 0;
		};
		07831BAD2DA456C600EBAA5C /* Sources */ = {
			isa = PBXSourcesBuildPhase;
			buildActionMask = 2147483647;
			files = (
			);
			runOnlyForDeploymentPostprocessing = 0;
		};
/* End PBXSourcesBuildPhase section */

/* Begin PBXTargetDependency section */
		07831BA92DA456C600EBAA5C /* PBXTargetDependency */ = {
			isa = PBXTargetDependency;
			target = 07831B962DA456C300EBAA5C /* Recipe_App */;
			targetProxy = 07831BA82DA456C600EBAA5C /* PBXContainerItemProxy */;
		};
		07831BB32DA456C600EBAA5C /* PBXTargetDependency */ = {
			isa = PBXTargetDependency;
			target = 07831B962DA456C300EBAA5C /* Recipe_App */;
			targetProxy = 07831BB22DA456C600EBAA5C /* PBXContainerItemProxy */;
		};
/* End PBXTargetDependency section */

/* Begin XCBuildConfiguration section */
		07831BB92DA456C600EBAA5C /* Debug */ = {
			isa = XCBuildConfiguration;
			buildSettings = {
				ALWAYS_SEARCH_USER_PATHS = NO;
				ASSETCATALOG_COMPILER_GENERATE_SWIFT_ASSET_SYMBOL_EXTENSIONS = YES;
				CLANG_ANALYZER_NONNULL = YES;
				CLANG_ANALYZER_NUMBER_OBJECT_CONVERSION = YES_AGGRESSIVE;
				CLANG_CXX_LANGUAGE_STANDARD = "gnu++20";
				CLANG_ENABLE_MODULES = YES;
				CLANG_ENABLE_OBJC_ARC = YES;
				CLANG_ENABLE_OBJC_WEAK = YES;
				CLANG_WARN_BLOCK_CAPTURE_AUTORELEASING = YES;
				CLANG_WARN_BOOL_CONVERSION = YES;
				CLANG_WARN_COMMA = YES;
				CLANG_WARN_CONSTANT_CONVERSION = YES;
				CLANG_WARN_DEPRECATED_OBJC_IMPLEMENTATIONS = YES;
				CLANG_WARN_DIRECT_OBJC_ISA_USAGE = YES_ERROR;
				CLANG_WARN_DOCUMENTATION_COMMENTS = YES;
				CLANG_WARN_EMPTY_BODY = YES;
				CLANG_WARN_ENUM_CONVERSION = YES;
				CLANG_WARN_INFINITE_RECURSION = YES;
				CLANG_WARN_INT_CONVERSION = YES;
				CLANG_WARN_NON_LITERAL_NULL_CONVERSION = YES;
				CLANG_WARN_OBJC_IMPLICIT_RETAIN_SELF = YES;
				CLANG_WARN_OBJC_LITERAL_CONVERSION = YES;
				CLANG_WARN_OBJC_ROOT_CLASS = YES_ERROR;
				CLANG_WARN_QUOTED_INCLUDE_IN_FRAMEWORK_HEADER = YES;
				CLANG_WARN_RANGE_LOOP_ANALYSIS = YES;
				CLANG_WARN_STRICT_PROTOTYPES = YES;
				CLANG_WARN_SUSPICIOUS_MOVE = YES;
				CLANG_WARN_UNGUARDED_AVAILABILITY = YES_AGGRESSIVE;
				CLANG_WARN_UNREACHABLE_CODE = YES;
				CLANG_WARN__DUPLICATE_METHOD_MATCH = YES;
				COPY_PHASE_STRIP = NO;
				DEBUG_INFORMATION_FORMAT = dwarf;
				ENABLE_STRICT_OBJC_MSGSEND = YES;
				ENABLE_TESTABILITY = YES;
				ENABLE_USER_SCRIPT_SANDBOXING = YES;
				GCC_C_LANGUAGE_STANDARD = gnu17;
				GCC_DYNAMIC_NO_PIC = NO;
				GCC_NO_COMMON_BLOCKS = YES;
				GCC_OPTIMIZATION_LEVEL = 0;
				GCC_PREPROCESSOR_DEFINITIONS = (
					"DEBUG=1",
					"$(inherited)",
				);
				GCC_WARN_64_TO_32_BIT_CONVERSION = YES;
				GCC_WARN_ABOUT_RETURN_TYPE = YES_ERROR;
				GCC_WARN_UNDECLARED_SELECTOR = YES;
				GCC_WARN_UNINITIALIZED_AUTOS = YES_AGGRESSIVE;
				GCC_WARN_UNUSED_FUNCTION = YES;
				GCC_WARN_UNUSED_VARIABLE = YES;
				IPHONEOS_DEPLOYMENT_TARGET = 18.2;
				LOCALIZATION_PREFERS_STRING_CATALOGS = YES;
				MTL_ENABLE_DEBUG_INFO = INCLUDE_SOURCE;
				MTL_FAST_MATH = YES;
				ONLY_ACTIVE_ARCH = YES;
				SDKROOT = iphoneos;
				SWIFT_ACTIVE_COMPILATION_CONDITIONS = "DEBUG $(inherited)";
				SWIFT_OPTIMIZATION_LEVEL = "-Onone";
			};
			name = Debug;
		};
		07831BBA2DA456C600EBAA5C /* Release */ = {
			isa = XCBuildConfiguration;
			buildSettings = {
				ALWAYS_SEARCH_USER_PATHS = NO;
				ASSETCATALOG_COMPILER_GENERATE_SWIFT_ASSET_SYMBOL_EXTENSIONS = YES;
				CLANG_ANALYZER_NONNULL = YES;
				CLANG_ANALYZER_NUMBER_OBJECT_CONVERSION = YES_AGGRESSIVE;
				CLANG_CXX_LANGUAGE_STANDARD = "gnu++20";
				CLANG_ENABLE_MODULES = YES;
				CLANG_ENABLE_OBJC_ARC = YES;
				CLANG_ENABLE_OBJC_WEAK = YES;
				CLANG_WARN_BLOCK_CAPTURE_AUTORELEASING = YES;
				CLANG_WARN_BOOL_CONVERSION = YES;
				CLANG_WARN_COMMA = YES;
				CLANG_WARN_CONSTANT_CONVERSION = YES;
				CLANG_WARN_DEPRECATED_OBJC_IMPLEMENTATIONS = YES;
				CLANG_WARN_DIRECT_OBJC_ISA_USAGE = YES_ERROR;
				CLANG_WARN_DOCUMENTATION_COMMENTS = YES;
				CLANG_WARN_EMPTY_BODY = YES;
				CLANG_WARN_ENUM_CONVERSION = YES;
				CLANG_WARN_INFINITE_RECURSION = YES;
				CLANG_WARN_INT_CONVERSION = YES;
				CLANG_WARN_NON_LITERAL_NULL_CONVERSION = YES;
				CLANG_WARN_OBJC_IMPLICIT_RETAIN_SELF = YES;
				CLANG_WARN_OBJC_LITERAL_CONVERSION = YES;
				CLANG_WARN_OBJC_ROOT_CLASS = YES_ERROR;
				CLANG_WARN_QUOTED_INCLUDE_IN_FRAMEWORK_HEADER = YES;
				CLANG_WARN_RANGE_LOOP_ANALYSIS = YES;
				CLANG_WARN_STRICT_PROTOTYPES = YES;
				CLANG_WARN_SUSPICIOUS_MOVE = YES;
				CLANG_WARN_UNGUARDED_AVAILABILITY = YES_AGGRESSIVE;
				CLANG_WARN_UNREACHABLE_CODE = YES;
				CLANG_WARN__DUPLICATE_METHOD_MATCH = YES;
				COPY_PHASE_STRIP = NO;
				DEBUG_INFORMATION_FORMAT = "dwarf-with-dsym";
				ENABLE_NS_ASSERTIONS = NO;
				ENABLE_STRICT_OBJC_MSGSEND = YES;
				ENABLE_USER_SCRIPT_SANDBOXING = YES;
				GCC_C_LANGUAGE_STANDARD = gnu17;
				GCC_NO_COMMON_BLOCKS = YES;
				GCC_WARN_64_TO_32_BIT_CONVERSION = YES;
				GCC_WARN_ABOUT_RETURN_TYPE = YES_ERROR;
				GCC_WARN_UNDECLARED_SELECTOR = YES;
				GCC_WARN_UNINITIALIZED_AUTOS = YES_AGGRESSIVE;
				GCC_WARN_UNUSED_FUNCTION = YES;
				GCC_WARN_UNUSED_VARIABLE = YES;
				IPHONEOS_DEPLOYMENT_TARGET = 18.2;
				LOCALIZATION_PREFERS_STRING_CATALOGS = YES;
				MTL_ENABLE_DEBUG_INFO = NO;
				MTL_FAST_MATH = YES;
				SDKROOT = iphoneos;
				SWIFT_COMPILATION_MODE = wholemodule;
				VALIDATE_PRODUCT = YES;
			};
			name = Release;
		};
		07831BBC2DA456C600EBAA5C /* Debug */ = {
			isa = XCBuildConfiguration;
			buildSettings = {
				ASSETCATALOG_COMPILER_APPICON_NAME = AppIcon;
				ASSETCATALOG_COMPILER_GLOBAL_ACCENT_COLOR_NAME = AccentColor;
				CODE_SIGN_STYLE = Automatic;
				CURRENT_PROJECT_VERSION = 1;
				DEVELOPMENT_ASSET_PATHS = "\"Recipe_App/Preview Content\"";
				ENABLE_PREVIEWS = YES;
				GENERATE_INFOPLIST_FILE = YES;
				INFOPLIST_KEY_UIApplicationSceneManifest_Generation = YES;
				INFOPLIST_KEY_UIApplicationSupportsIndirectInputEvents = YES;
				INFOPLIST_KEY_UILaunchScreen_Generation = YES;
				INFOPLIST_KEY_UISupportedInterfaceOrientations_iPad = "UIInterfaceOrientationPortrait UIInterfaceOrientationPortraitUpsideDown UIInterfaceOrientationLandscapeLeft UIInterfaceOrientationLandscapeRight";
				INFOPLIST_KEY_UISupportedInterfaceOrientations_iPhone = "UIInterfaceOrientationPortrait UIInterfaceOrientationLandscapeLeft UIInterfaceOrientationLandscapeRight";
				LD_RUNPATH_SEARCH_PATHS = (
					"$(inherited)",
					"@executable_path/Frameworks",
				);
				MARKETING_VERSION = 1.0;
				PRODUCT_BUNDLE_IDENTIFIER = "flawlessjae.com.Recipe-App";
				PRODUCT_NAME = "$(TARGET_NAME)";
				SWIFT_EMIT_LOC_STRINGS = YES;
				SWIFT_VERSION = 5.0;
				TARGETED_DEVICE_FAMILY = "1,2";
			};
			name = Debug;
		};
		07831BBD2DA456C600EBAA5C /* Release */ = {
			isa = XCBuildConfiguration;
			buildSettings = {
				ASSETCATALOG_COMPILER_APPICON_NAME = AppIcon;
				ASSETCATALOG_COMPILER_GLOBAL_ACCENT_COLOR_NAME = AccentColor;
				CODE_SIGN_STYLE = Automatic;
				CURRENT_PROJECT_VERSION = 1;
				DEVELOPMENT_ASSET_PATHS = "\"Recipe_App/Preview Content\"";
				ENABLE_PREVIEWS = YES;
				GENERATE_INFOPLIST_FILE = YES;
				INFOPLIST_KEY_UIApplicationSceneManifest_Generation = YES;
				INFOPLIST_KEY_UIApplicationSupportsIndirectInputEvents = YES;
				INFOPLIST_KEY_UILaunchScreen_Generation = YES;
				INFOPLIST_KEY_UISupportedInterfaceOrientations_iPad = "UIInterfaceOrientationPortrait UIInterfaceOrientationPortraitUpsideDown UIInterfaceOrientationLandscapeLeft UIInterfaceOrientationLandscapeRight";
				INFOPLIST_KEY_UISupportedInterfaceOrientations_iPhone = "UIInterfaceOrientationPortrait UIInterfaceOrientationLandscapeLeft UIInterfaceOrientationLandscapeRight";
				LD_RUNPATH_SEARCH_PATHS = (
					"$(inherited)",
					"@executable_path/Frameworks",
				);
				MARKETING_VERSION = 1.0;
				PRODUCT_BUNDLE_IDENTIFIER = "flawlessjae.com.Recipe-App";
				PRODUCT_NAME = "$(TARGET_NAME)";
				SWIFT_EMIT_LOC_STRINGS = YES;
				SWIFT_VERSION = 5.0;
				TARGETED_DEVICE_FAMILY = "1,2";
			};
			name = Release;
		};
		07831BBF2DA456C600EBAA5C /* Debug */ = {
			isa = XCBuildConfiguration;
			buildSettings = {
				BUNDLE_LOADER = "$(TEST_HOST)";
				CODE_SIGN_STYLE = Automatic;
				CURRENT_PROJECT_VERSION = 1;
				GENERATE_INFOPLIST_FILE = YES;
				IPHONEOS_DEPLOYMENT_TARGET = 18.2;
				MARKETING_VERSION = 1.0;
				PRODUCT_BUNDLE_IDENTIFIER = "flawlessjae.com.Recipe-AppTests";
				PRODUCT_NAME = "$(TARGET_NAME)";
				SWIFT_EMIT_LOC_STRINGS = NO;
				SWIFT_VERSION = 5.0;
				TARGETED_DEVICE_FAMILY = "1,2";
				TEST_HOST = "$(BUILT_PRODUCTS_DIR)/Recipe_App.app/$(BUNDLE_EXECUTABLE_FOLDER_PATH)/Recipe_App";
			};
			name = Debug;
		};
		07831BC02DA456C600EBAA5C /* Release */ = {
			isa = XCBuildConfiguration;
			buildSettings = {
				BUNDLE_LOADER = "$(TEST_HOST)";
				CODE_SIGN_STYLE = Automatic;
				CURRENT_PROJECT_VERSION = 1;
				GENERATE_INFOPLIST_FILE = YES;
				IPHONEOS_DEPLOYMENT_TARGET = 18.2;
				MARKETING_VERSION = 1.0;
				PRODUCT_BUNDLE_IDENTIFIER = "flawlessjae.com.Recipe-AppTests";
				PRODUCT_NAME = "$(TARGET_NAME)";
				SWIFT_EMIT_LOC_STRINGS = NO;
				SWIFT_VERSION = 5.0;
				TARGETED_DEVICE_FAMILY = "1,2";
				TEST_HOST = "$(BUILT_PRODUCTS_DIR)/Recipe_App.app/$(BUNDLE_EXECUTABLE_FOLDER_PATH)/Recipe_App";
			};
			name = Release;
		};
		07831BC22DA456C600EBAA5C /* Debug */ = {
			isa = XCBuildConfiguration;
			buildSettings = {
				CODE_SIGN_STYLE = Automatic;
				CURRENT_PROJECT_VERSION = 1;
				GENERATE_INFOPLIST_FILE = YES;
				MARKETING_VERSION = 1.0;
				PRODUCT_BUNDLE_IDENTIFIER = "flawlessjae.com.Recipe-AppUITests";
				PRODUCT_NAME = "$(TARGET_NAME)";
				SWIFT_EMIT_LOC_STRINGS = NO;
				SWIFT_VERSION = 5.0;
				TARGETED_DEVICE_FAMILY = "1,2";
				TEST_TARGET_NAME = Recipe_App;
			};
			name = Debug;
		};
		07831BC32DA456C600EBAA5C /* Release */ = {
			isa = XCBuildConfiguration;
			buildSettings = {
				CODE_SIGN_STYLE = Automatic;
				CURRENT_PROJECT_VERSION = 1;
				GENERATE_INFOPLIST_FILE = YES;
				MARKETING_VERSION = 1.0;
				PRODUCT_BUNDLE_IDENTIFIER = "flawlessjae.com.Recipe-AppUITests";
				PRODUCT_NAME = "$(TARGET_NAME)";
				SWIFT_EMIT_LOC_STRINGS = NO;
				SWIFT_VERSION = 5.0;
				TARGETED_DEVICE_FAMILY = "1,2";
				TEST_TARGET_NAME = Recipe_App;
			};
			name = Release;
		};
/* End XCBuildConfiguration section */

/* Begin XCConfigurationList section */
		07831B922DA456C300EBAA5C /* Build configuration list for PBXProject "Recipe_App" */ = {
			isa = XCConfigurationList;
			buildConfigurations = (
				07831BB92DA456C600EBAA5C /* Debug */,
				07831BBA2DA456C600EBAA5C /* Release */,
			);
			defaultConfigurationIsVisible = 0;
			defaultConfigurationName = Release;
		};
		07831BBB2DA456C600EBAA5C /* Build configuration list for PBXNativeTarget "Recipe_App" */ = {
			isa = XCConfigurationList;
			buildConfigurations = (
				07831BBC2DA456C600EBAA5C /* Debug */,
				07831BBD2DA456C600EBAA5C /* Release */,
			);
			defaultConfigurationIsVisible = 0;
			defaultConfigurationName = Release;
		};
		07831BBE2DA456C600EBAA5C /* Build configuration list for PBXNativeTarget "Recipe_AppTests" */ = {
			isa = XCConfigurationList;
			buildConfigurations = (
				07831BBF2DA456C600EBAA5C /* Debug */,
				07831BC02DA456C600EBAA5C /* Release */,
			);
			defaultConfigurationIsVisible = 0;
			defaultConfigurationName = Release;
		};
		07831BC12DA456C600EBAA5C /* Build configuration list for PBXNativeTarget "Recipe_AppUITests" */ = {
			isa = XCConfigurationList;
			buildConfigurations = (
				07831BC22DA456C600EBAA5C /* Debug */,
				07831BC32DA456C600EBAA5C /* Release */,
			);
			defaultConfigurationIsVisible = 0;
			defaultConfigurationName = Release;
		};
/* End XCConfigurationList section */
	};
	rootObject = 07831B8F2DA456C300EBAA5C /* Project object */;
}
